PODS:
  - RamblerMcFlurry (0.1.0):
    - RamblerMcFlurry/Core (= 0.1.0)
    - RamblerMcFlurry/Interface (= 0.1.0)
    - RamblerMcFlurry/Testing (= 0.1.0)
  - RamblerMcFlurry/Core (0.1.0)
  - RamblerMcFlurry/Interface (0.1.0):
    - RamblerMcFlurry/Core
  - RamblerMcFlurry/Testing (0.1.0):
    - RamblerMcFlurry/Core
    - RamblerMcFlurry/Testing/TyphoonAssemblyTests (= 0.1.0)
  - RamblerMcFlurry/Testing/TyphoonAssemblyTests (0.1.0):
    - RamblerMcFlurry/Core
  - Typhoon (3.2.4):
    - Typhoon/no-arc (= 3.2.4)
  - Typhoon/no-arc (3.2.4)

DEPENDENCIES:
  - RamblerMcFlurry (from `../`)
  - Typhoon (~> 3.2.x)

EXTERNAL SOURCES:
  RamblerMcFlurry:
    :path: "../"

SPEC CHECKSUMS:
  RamblerMcFlurry: 285369439863456ee243d159ac02caa8fd0230bc
  Typhoon: 2726774a801efa98211012156c88207a238c92aa

COCOAPODS: 0.37.2
