PODS:
  - RamblerMcFlurry (0.0.1):
    - RamblerMcFlurry/Core (= 0.0.1)
    - RamblerMcFlurry/Interface (= 0.0.1)
    - RamblerMcFlurry/Testing (= 0.0.1)
  - RamblerMcFlurry/Core (0.0.1)
  - RamblerMcFlurry/Interface (0.0.1):
    - RamblerMcFlurry/Core
  - RamblerMcFlurry/Testing (0.0.1):
    - RamblerMcFlurry/Core
  - Typhoon (3.2.4):
    - Typhoon/no-arc (= 3.2.4)
  - Typhoon/no-arc (3.2.4)

DEPENDENCIES:
  - RamblerMcFlurry (from `../`)
  - RamblerMcFlurry/Testing (from `../`)
  - Typhoon (~> 3.2.x)

EXTERNAL SOURCES:
  RamblerMcFlurry:
    :path: "../"

SPEC CHECKSUMS:
  RamblerMcFlurry: b94a310f9f39635a8e7205d908b9d564e4513c2c
  Typhoon: 2726774a801efa98211012156c88207a238c92aa

COCOAPODS: 0.37.2
