PODS:
  - RamblerMcFlurry/Core (0.0.3)
  - RamblerMcFlurry/Interface (0.0.3):
    - RamblerMcFlurry/Core
  - RamblerMcFlurry/Testing (0.0.3):
    - RamblerMcFlurry/Core
  - RamblerMcFlurry/Viper (0.0.3):
    - RamblerMcFlurry/Core
  - Typhoon (3.2.5):
    - Typhoon/no-arc (= 3.2.5)
  - Typhoon/no-arc (3.2.5)

DEPENDENCIES:
  - RamblerMcFlurry/Interface (from `../`)
  - RamblerMcFlurry/Testing (from `../`)
  - RamblerMcFlurry/Viper (from `../`)
  - Typhoon (~> 3.2.x)

EXTERNAL SOURCES:
  RamblerMcFlurry:
    :path: ../

SPEC CHECKSUMS:
  RamblerMcFlurry: 935279b454d46385de2050ea733abd8a933e6c9b
  Typhoon: 6f39c3ede688d1ca9734087a938b101e193096a4

COCOAPODS: 0.38.2
