// !$*UTF8*$!
{
	archiveVersion = 1;
	classes = {
	};
	objectVersion = 46;
	objects = {

/* Begin PBXBuildFile section */
		162C73251B789D6700226B47 /* RamblerModuleAlphaInteractor.m in Sources */ = {isa = PBXBuildFile; fileRef = 162C73171B789D6700226B47 /* RamblerModuleAlphaInteractor.m */; };
		162C73261B789D6700226B47 /* RamblerModuleAlphaModuleAssembly.m in Sources */ = {isa = PBXBuildFile; fileRef = 162C731B1B789D6700226B47 /* RamblerModuleAlphaModuleAssembly.m */; };
		162C73271B789D6700226B47 /* RamblerModuleAlphaPresenter.m in Sources */ = {isa = PBXBuildFile; fileRef = 162C731D1B789D6700226B47 /* RamblerModuleAlphaPresenter.m */; };
		162C73281B789D6700226B47 /* RamblerModuleAlphaRouter.m in Sources */ = {isa = PBXBuildFile; fileRef = 162C731F1B789D6700226B47 /* RamblerModuleAlphaRouter.m */; };
		162C73291B789D6700226B47 /* RamblerModuleAlphaViewController.m in Sources */ = {isa = PBXBuildFile; fileRef = 162C73221B789D6700226B47 /* RamblerModuleAlphaViewController.m */; };
		162C73401B78A45F00226B47 /* RamblerModuleBetaInteractor.m in Sources */ = {isa = PBXBuildFile; fileRef = 162C73321B78A45F00226B47 /* RamblerModuleBetaInteractor.m */; };
		162C73411B78A45F00226B47 /* RamblerModuleBetaModuleAssembly.m in Sources */ = {isa = PBXBuildFile; fileRef = 162C73361B78A45F00226B47 /* RamblerModuleBetaModuleAssembly.m */; };
		162C73421B78A45F00226B47 /* RamblerModuleBetaPresenter.m in Sources */ = {isa = PBXBuildFile; fileRef = 162C73381B78A45F00226B47 /* RamblerModuleBetaPresenter.m */; };
		162C73431B78A45F00226B47 /* RamblerModuleBetaRouter.m in Sources */ = {isa = PBXBuildFile; fileRef = 162C733A1B78A45F00226B47 /* RamblerModuleBetaRouter.m */; };
		162C73441B78A45F00226B47 /* RamblerModuleBetaViewController.m in Sources */ = {isa = PBXBuildFile; fileRef = 162C733D1B78A45F00226B47 /* RamblerModuleBetaViewController.m */; };
		26FE5D87E34D8CD460B5C22E /* libPods-RamblerMcFlurry_Example.a in Frameworks */ = {isa = PBXBuildFile; fileRef = B75A1A78426D01B0E564183E /* libPods-RamblerMcFlurry_Example.a */; };
		6003F58E195388D20070C39A /* Foundation.framework in Frameworks */ = {isa = PBXBuildFile; fileRef = 6003F58D195388D20070C39A /* Foundation.framework */; };
		6003F590195388D20070C39A /* CoreGraphics.framework in Frameworks */ = {isa = PBXBuildFile; fileRef = 6003F58F195388D20070C39A /* CoreGraphics.framework */; };
		6003F592195388D20070C39A /* UIKit.framework in Frameworks */ = {isa = PBXBuildFile; fileRef = 6003F591195388D20070C39A /* UIKit.framework */; };
		6003F598195388D20070C39A /* InfoPlist.strings in Resources */ = {isa = PBXBuildFile; fileRef = 6003F596195388D20070C39A /* InfoPlist.strings */; };
		6003F59A195388D20070C39A /* main.m in Sources */ = {isa = PBXBuildFile; fileRef = 6003F599195388D20070C39A /* main.m */; };
		6003F59E195388D20070C39A /* RamblerAppDelegate.m in Sources */ = {isa = PBXBuildFile; fileRef = 6003F59D195388D20070C39A /* RamblerAppDelegate.m */; };
		6003F5A7195388D20070C39A /* RamblerViewController.m in Sources */ = {isa = PBXBuildFile; fileRef = 6003F5A6195388D20070C39A /* RamblerViewController.m */; };
		6003F5A9195388D20070C39A /* Images.xcassets in Resources */ = {isa = PBXBuildFile; fileRef = 6003F5A8195388D20070C39A /* Images.xcassets */; };
		6003F5B1195388D20070C39A /* Foundation.framework in Frameworks */ = {isa = PBXBuildFile; fileRef = 6003F58D195388D20070C39A /* Foundation.framework */; };
		6003F5B2195388D20070C39A /* UIKit.framework in Frameworks */ = {isa = PBXBuildFile; fileRef = 6003F591195388D20070C39A /* UIKit.framework */; };
		6003F5BA195388D20070C39A /* InfoPlist.strings in Resources */ = {isa = PBXBuildFile; fileRef = 6003F5B8195388D20070C39A /* InfoPlist.strings */; };
		873B8AEB1B1F5CCA007FD442 /* Main.storyboard in Resources */ = {isa = PBXBuildFile; fileRef = 873B8AEA1B1F5CCA007FD442 /* Main.storyboard */; };
		9E273F1976C734A3C33D8517 /* libPods-RamblerMcFlurry_Tests.a in Frameworks */ = {isa = PBXBuildFile; fileRef = E158751BA67C78C5D23E1E12 /* libPods-RamblerMcFlurry_Tests.a */; };
		9FFF3D521B68C4B800BDD3F2 /* RamblerDeveloperAssembly.m in Sources */ = {isa = PBXBuildFile; fileRef = 9FFF3D511B68C4B800BDD3F2 /* RamblerDeveloperAssembly.m */; };
		9FFF3D571B68C4F200BDD3F2 /* RamblerDeveloper.m in Sources */ = {isa = PBXBuildFile; fileRef = 9FFF3D561B68C4F200BDD3F2 /* RamblerDeveloper.m */; };
		9FFF3D5A1B68C53400BDD3F2 /* RamblerDevice.m in Sources */ = {isa = PBXBuildFile; fileRef = 9FFF3D591B68C53400BDD3F2 /* RamblerDevice.m */; };
		9FFF3D5F1B68C63A00BDD3F2 /* RamblerDeveloperAssemblyTests.m in Sources */ = {isa = PBXBuildFile; fileRef = 9FFF3D5E1B68C63A00BDD3F2 /* RamblerDeveloperAssemblyTests.m */; };
/* End PBXBuildFile section */

/* Begin PBXContainerItemProxy section */
		6003F5B3195388D20070C39A /* PBXContainerItemProxy */ = {
			isa = PBXContainerItemProxy;
			containerPortal = 6003F582195388D10070C39A /* Project object */;
			proxyType = 1;
			remoteGlobalIDString = 6003F589195388D20070C39A;
			remoteInfo = RamblerMcFlurry;
		};
/* End PBXContainerItemProxy section */

/* Begin PBXFileReference section */
		162C73161B789D6700226B47 /* RamblerModuleAlphaInteractor.h */ = {isa = PBXFileReference; fileEncoding = 4; lastKnownFileType = sourcecode.c.h; name = RamblerModuleAlphaInteractor.h; path = Viper/ModuleAlpha/RamblerModuleAlphaInteractor.h; sourceTree = "<group>"; };
		162C73171B789D6700226B47 /* RamblerModuleAlphaInteractor.m */ = {isa = PBXFileReference; fileEncoding = 4; lastKnownFileType = sourcecode.c.objc; name = RamblerModuleAlphaInteractor.m; path = Viper/ModuleAlpha/RamblerModuleAlphaInteractor.m; sourceTree = "<group>"; };
		162C73181B789D6700226B47 /* RamblerModuleAlphaInteractorInput.h */ = {isa = PBXFileReference; fileEncoding = 4; lastKnownFileType = sourcecode.c.h; name = RamblerModuleAlphaInteractorInput.h; path = Viper/ModuleAlpha/RamblerModuleAlphaInteractorInput.h; sourceTree = "<group>"; };
		162C73191B789D6700226B47 /* RamblerModuleAlphaInteractorOutput.h */ = {isa = PBXFileReference; fileEncoding = 4; lastKnownFileType = sourcecode.c.h; name = RamblerModuleAlphaInteractorOutput.h; path = Viper/ModuleAlpha/RamblerModuleAlphaInteractorOutput.h; sourceTree = "<group>"; };
		162C731A1B789D6700226B47 /* RamblerModuleAlphaModuleAssembly.h */ = {isa = PBXFileReference; fileEncoding = 4; lastKnownFileType = sourcecode.c.h; name = RamblerModuleAlphaModuleAssembly.h; path = Viper/ModuleAlpha/RamblerModuleAlphaModuleAssembly.h; sourceTree = "<group>"; };
		162C731B1B789D6700226B47 /* RamblerModuleAlphaModuleAssembly.m */ = {isa = PBXFileReference; fileEncoding = 4; lastKnownFileType = sourcecode.c.objc; name = RamblerModuleAlphaModuleAssembly.m; path = Viper/ModuleAlpha/RamblerModuleAlphaModuleAssembly.m; sourceTree = "<group>"; };
		162C731C1B789D6700226B47 /* RamblerModuleAlphaPresenter.h */ = {isa = PBXFileReference; fileEncoding = 4; lastKnownFileType = sourcecode.c.h; name = RamblerModuleAlphaPresenter.h; path = Viper/ModuleAlpha/RamblerModuleAlphaPresenter.h; sourceTree = "<group>"; };
		162C731D1B789D6700226B47 /* RamblerModuleAlphaPresenter.m */ = {isa = PBXFileReference; fileEncoding = 4; lastKnownFileType = sourcecode.c.objc; name = RamblerModuleAlphaPresenter.m; path = Viper/ModuleAlpha/RamblerModuleAlphaPresenter.m; sourceTree = "<group>"; };
		162C731E1B789D6700226B47 /* RamblerModuleAlphaRouter.h */ = {isa = PBXFileReference; fileEncoding = 4; lastKnownFileType = sourcecode.c.h; name = RamblerModuleAlphaRouter.h; path = Viper/ModuleAlpha/RamblerModuleAlphaRouter.h; sourceTree = "<group>"; };
		162C731F1B789D6700226B47 /* RamblerModuleAlphaRouter.m */ = {isa = PBXFileReference; fileEncoding = 4; lastKnownFileType = sourcecode.c.objc; name = RamblerModuleAlphaRouter.m; path = Viper/ModuleAlpha/RamblerModuleAlphaRouter.m; sourceTree = "<group>"; };
		162C73201B789D6700226B47 /* RamblerModuleAlphaRouterInput.h */ = {isa = PBXFileReference; fileEncoding = 4; lastKnownFileType = sourcecode.c.h; name = RamblerModuleAlphaRouterInput.h; path = Viper/ModuleAlpha/RamblerModuleAlphaRouterInput.h; sourceTree = "<group>"; };
		162C73211B789D6700226B47 /* RamblerModuleAlphaViewController.h */ = {isa = PBXFileReference; fileEncoding = 4; lastKnownFileType = sourcecode.c.h; name = RamblerModuleAlphaViewController.h; path = Viper/ModuleAlpha/RamblerModuleAlphaViewController.h; sourceTree = "<group>"; };
		162C73221B789D6700226B47 /* RamblerModuleAlphaViewController.m */ = {isa = PBXFileReference; fileEncoding = 4; lastKnownFileType = sourcecode.c.objc; name = RamblerModuleAlphaViewController.m; path = Viper/ModuleAlpha/RamblerModuleAlphaViewController.m; sourceTree = "<group>"; };
		162C73231B789D6700226B47 /* RamblerModuleAlphaViewInput.h */ = {isa = PBXFileReference; fileEncoding = 4; lastKnownFileType = sourcecode.c.h; name = RamblerModuleAlphaViewInput.h; path = Viper/ModuleAlpha/RamblerModuleAlphaViewInput.h; sourceTree = "<group>"; };
		162C73241B789D6700226B47 /* RamblerModuleAlphaViewOutput.h */ = {isa = PBXFileReference; fileEncoding = 4; lastKnownFileType = sourcecode.c.h; name = RamblerModuleAlphaViewOutput.h; path = Viper/ModuleAlpha/RamblerModuleAlphaViewOutput.h; sourceTree = "<group>"; };
		162C732F1B789EA100226B47 /* libPods-RamblerMcFlurry_Example.a */ = {isa = PBXFileReference; lastKnownFileType = archive.ar; name = "libPods-RamblerMcFlurry_Example.a"; path = "Pods/../build/Debug-iphoneos/libPods-RamblerMcFlurry_Example.a"; sourceTree = "<group>"; };
		162C73311B78A45F00226B47 /* RamblerModuleBetaInteractor.h */ = {isa = PBXFileReference; fileEncoding = 4; lastKnownFileType = sourcecode.c.h; name = RamblerModuleBetaInteractor.h; path = Viper/ModuleBeta/RamblerModuleBetaInteractor.h; sourceTree = "<group>"; };
		162C73321B78A45F00226B47 /* RamblerModuleBetaInteractor.m */ = {isa = PBXFileReference; fileEncoding = 4; lastKnownFileType = sourcecode.c.objc; name = RamblerModuleBetaInteractor.m; path = Viper/ModuleBeta/RamblerModuleBetaInteractor.m; sourceTree = "<group>"; };
		162C73331B78A45F00226B47 /* RamblerModuleBetaInteractorInput.h */ = {isa = PBXFileReference; fileEncoding = 4; lastKnownFileType = sourcecode.c.h; name = RamblerModuleBetaInteractorInput.h; path = Viper/ModuleBeta/RamblerModuleBetaInteractorInput.h; sourceTree = "<group>"; };
		162C73341B78A45F00226B47 /* RamblerModuleBetaInteractorOutput.h */ = {isa = PBXFileReference; fileEncoding = 4; lastKnownFileType = sourcecode.c.h; name = RamblerModuleBetaInteractorOutput.h; path = Viper/ModuleBeta/RamblerModuleBetaInteractorOutput.h; sourceTree = "<group>"; };
		162C73351B78A45F00226B47 /* RamblerModuleBetaModuleAssembly.h */ = {isa = PBXFileReference; fileEncoding = 4; lastKnownFileType = sourcecode.c.h; name = RamblerModuleBetaModuleAssembly.h; path = Viper/ModuleBeta/RamblerModuleBetaModuleAssembly.h; sourceTree = "<group>"; };
		162C73361B78A45F00226B47 /* RamblerModuleBetaModuleAssembly.m */ = {isa = PBXFileReference; fileEncoding = 4; lastKnownFileType = sourcecode.c.objc; name = RamblerModuleBetaModuleAssembly.m; path = Viper/ModuleBeta/RamblerModuleBetaModuleAssembly.m; sourceTree = "<group>"; };
		162C73371B78A45F00226B47 /* RamblerModuleBetaPresenter.h */ = {isa = PBXFileReference; fileEncoding = 4; lastKnownFileType = sourcecode.c.h; name = RamblerModuleBetaPresenter.h; path = Viper/ModuleBeta/RamblerModuleBetaPresenter.h; sourceTree = "<group>"; };
		162C73381B78A45F00226B47 /* RamblerModuleBetaPresenter.m */ = {isa = PBXFileReference; fileEncoding = 4; lastKnownFileType = sourcecode.c.objc; name = RamblerModuleBetaPresenter.m; path = Viper/ModuleBeta/RamblerModuleBetaPresenter.m; sourceTree = "<group>"; };
		162C73391B78A45F00226B47 /* RamblerModuleBetaRouter.h */ = {isa = PBXFileReference; fileEncoding = 4; lastKnownFileType = sourcecode.c.h; name = RamblerModuleBetaRouter.h; path = Viper/ModuleBeta/RamblerModuleBetaRouter.h; sourceTree = "<group>"; };
		162C733A1B78A45F00226B47 /* RamblerModuleBetaRouter.m */ = {isa = PBXFileReference; fileEncoding = 4; lastKnownFileType = sourcecode.c.objc; name = RamblerModuleBetaRouter.m; path = Viper/ModuleBeta/RamblerModuleBetaRouter.m; sourceTree = "<group>"; };
		162C733B1B78A45F00226B47 /* RamblerModuleBetaRouterInput.h */ = {isa = PBXFileReference; fileEncoding = 4; lastKnownFileType = sourcecode.c.h; name = RamblerModuleBetaRouterInput.h; path = Viper/ModuleBeta/RamblerModuleBetaRouterInput.h; sourceTree = "<group>"; };
		162C733C1B78A45F00226B47 /* RamblerModuleBetaViewController.h */ = {isa = PBXFileReference; fileEncoding = 4; lastKnownFileType = sourcecode.c.h; name = RamblerModuleBetaViewController.h; path = Viper/ModuleBeta/RamblerModuleBetaViewController.h; sourceTree = "<group>"; };
		162C733D1B78A45F00226B47 /* RamblerModuleBetaViewController.m */ = {isa = PBXFileReference; fileEncoding = 4; lastKnownFileType = sourcecode.c.objc; name = RamblerModuleBetaViewController.m; path = Viper/ModuleBeta/RamblerModuleBetaViewController.m; sourceTree = "<group>"; };
		162C733E1B78A45F00226B47 /* RamblerModuleBetaViewInput.h */ = {isa = PBXFileReference; fileEncoding = 4; lastKnownFileType = sourcecode.c.h; name = RamblerModuleBetaViewInput.h; path = Viper/ModuleBeta/RamblerModuleBetaViewInput.h; sourceTree = "<group>"; };
		162C733F1B78A45F00226B47 /* RamblerModuleBetaViewOutput.h */ = {isa = PBXFileReference; fileEncoding = 4; lastKnownFileType = sourcecode.c.h; name = RamblerModuleBetaViewOutput.h; path = Viper/ModuleBeta/RamblerModuleBetaViewOutput.h; sourceTree = "<group>"; };
		162C73491B78A4A500226B47 /* RamblerModuleBetaConfigurator.h */ = {isa = PBXFileReference; fileEncoding = 4; lastKnownFileType = sourcecode.c.h; name = RamblerModuleBetaConfigurator.h; path = Viper/ModuleBeta/RamblerModuleBetaConfigurator.h; sourceTree = "<group>"; };
		29585292F60D04C0C6BFE358 /* LICENSE */ = {isa = PBXFileReference; includeInIndex = 1; lastKnownFileType = text; name = LICENSE; path = ../LICENSE; sourceTree = "<group>"; };
		29CC82345586C4F662E7C65C /* Pods-RamblerMcFlurry_Example.release.xcconfig */ = {isa = PBXFileReference; includeInIndex = 1; lastKnownFileType = text.xcconfig; name = "Pods-RamblerMcFlurry_Example.release.xcconfig"; path = "Pods/Target Support Files/Pods-RamblerMcFlurry_Example/Pods-RamblerMcFlurry_Example.release.xcconfig"; sourceTree = "<group>"; };
		3E218B7F42124CFBDB835247 /* Pods-RamblerMcFlurry_Example.debug.xcconfig */ = {isa = PBXFileReference; includeInIndex = 1; lastKnownFileType = text.xcconfig; name = "Pods-RamblerMcFlurry_Example.debug.xcconfig"; path = "Pods/Target Support Files/Pods-RamblerMcFlurry_Example/Pods-RamblerMcFlurry_Example.debug.xcconfig"; sourceTree = "<group>"; };
		6003F58A195388D20070C39A /* RamblerMcFlurry_Example.app */ = {isa = PBXFileReference; explicitFileType = wrapper.application; includeInIndex = 0; path = RamblerMcFlurry_Example.app; sourceTree = BUILT_PRODUCTS_DIR; };
		6003F58D195388D20070C39A /* Foundation.framework */ = {isa = PBXFileReference; lastKnownFileType = wrapper.framework; name = Foundation.framework; path = System/Library/Frameworks/Foundation.framework; sourceTree = SDKROOT; };
		6003F58F195388D20070C39A /* CoreGraphics.framework */ = {isa = PBXFileReference; lastKnownFileType = wrapper.framework; name = CoreGraphics.framework; path = System/Library/Frameworks/CoreGraphics.framework; sourceTree = SDKROOT; };
		6003F591195388D20070C39A /* UIKit.framework */ = {isa = PBXFileReference; lastKnownFileType = wrapper.framework; name = UIKit.framework; path = System/Library/Frameworks/UIKit.framework; sourceTree = SDKROOT; };
		6003F595195388D20070C39A /* RamblerMcFlurry-Info.plist */ = {isa = PBXFileReference; lastKnownFileType = text.plist.xml; path = "RamblerMcFlurry-Info.plist"; sourceTree = "<group>"; };
		6003F597195388D20070C39A /* en */ = {isa = PBXFileReference; lastKnownFileType = text.plist.strings; name = en; path = en.lproj/InfoPlist.strings; sourceTree = "<group>"; };
		6003F599195388D20070C39A /* main.m */ = {isa = PBXFileReference; lastKnownFileType = sourcecode.c.objc; path = main.m; sourceTree = "<group>"; };
		6003F59B195388D20070C39A /* RamblerMcFlurry-Prefix.pch */ = {isa = PBXFileReference; lastKnownFileType = sourcecode.c.h; path = "RamblerMcFlurry-Prefix.pch"; sourceTree = "<group>"; };
		6003F59C195388D20070C39A /* RamblerAppDelegate.h */ = {isa = PBXFileReference; lastKnownFileType = sourcecode.c.h; path = RamblerAppDelegate.h; sourceTree = "<group>"; };
		6003F59D195388D20070C39A /* RamblerAppDelegate.m */ = {isa = PBXFileReference; lastKnownFileType = sourcecode.c.objc; path = RamblerAppDelegate.m; sourceTree = "<group>"; };
		6003F5A5195388D20070C39A /* RamblerViewController.h */ = {isa = PBXFileReference; lastKnownFileType = sourcecode.c.h; path = RamblerViewController.h; sourceTree = "<group>"; };
		6003F5A6195388D20070C39A /* RamblerViewController.m */ = {isa = PBXFileReference; lastKnownFileType = sourcecode.c.objc; path = RamblerViewController.m; sourceTree = "<group>"; };
		6003F5A8195388D20070C39A /* Images.xcassets */ = {isa = PBXFileReference; lastKnownFileType = folder.assetcatalog; path = Images.xcassets; sourceTree = "<group>"; };
		6003F5AE195388D20070C39A /* RamblerMcFlurry_Tests.xctest */ = {isa = PBXFileReference; explicitFileType = wrapper.cfbundle; includeInIndex = 0; path = RamblerMcFlurry_Tests.xctest; sourceTree = BUILT_PRODUCTS_DIR; };
		6003F5B7195388D20070C39A /* Tests-Info.plist */ = {isa = PBXFileReference; lastKnownFileType = text.plist.xml; path = "Tests-Info.plist"; sourceTree = "<group>"; };
		6003F5B9195388D20070C39A /* en */ = {isa = PBXFileReference; lastKnownFileType = text.plist.strings; name = en; path = en.lproj/InfoPlist.strings; sourceTree = "<group>"; };
		606FC2411953D9B200FFA9A0 /* Tests-Prefix.pch */ = {isa = PBXFileReference; lastKnownFileType = sourcecode.c.h; path = "Tests-Prefix.pch"; sourceTree = "<group>"; };
		873B8AEA1B1F5CCA007FD442 /* Main.storyboard */ = {isa = PBXFileReference; fileEncoding = 4; lastKnownFileType = file.storyboard; path = Main.storyboard; sourceTree = "<group>"; };
		96F30E1F9FBD8F1AF02466B7 /* RamblerMcFlurry.podspec */ = {isa = PBXFileReference; includeInIndex = 1; lastKnownFileType = text; name = RamblerMcFlurry.podspec; path = ../RamblerMcFlurry.podspec; sourceTree = "<group>"; };
		9DB79ED922F73E404786FD30 /* Pods-RamblerMcFlurry_Tests.debug.xcconfig */ = {isa = PBXFileReference; includeInIndex = 1; lastKnownFileType = text.xcconfig; name = "Pods-RamblerMcFlurry_Tests.debug.xcconfig"; path = "Pods/Target Support Files/Pods-RamblerMcFlurry_Tests/Pods-RamblerMcFlurry_Tests.debug.xcconfig"; sourceTree = "<group>"; };
		9FFF3D501B68C4B800BDD3F2 /* RamblerDeveloperAssembly.h */ = {isa = PBXFileReference; fileEncoding = 4; lastKnownFileType = sourcecode.c.h; path = RamblerDeveloperAssembly.h; sourceTree = "<group>"; };
		9FFF3D511B68C4B800BDD3F2 /* RamblerDeveloperAssembly.m */ = {isa = PBXFileReference; fileEncoding = 4; lastKnownFileType = sourcecode.c.objc; path = RamblerDeveloperAssembly.m; sourceTree = "<group>"; };
		9FFF3D551B68C4F200BDD3F2 /* RamblerDeveloper.h */ = {isa = PBXFileReference; fileEncoding = 4; lastKnownFileType = sourcecode.c.h; path = RamblerDeveloper.h; sourceTree = "<group>"; };
		9FFF3D561B68C4F200BDD3F2 /* RamblerDeveloper.m */ = {isa = PBXFileReference; fileEncoding = 4; lastKnownFileType = sourcecode.c.objc; path = RamblerDeveloper.m; sourceTree = "<group>"; };
		9FFF3D581B68C53400BDD3F2 /* RamblerDevice.h */ = {isa = PBXFileReference; fileEncoding = 4; lastKnownFileType = sourcecode.c.h; path = RamblerDevice.h; sourceTree = "<group>"; };
		9FFF3D591B68C53400BDD3F2 /* RamblerDevice.m */ = {isa = PBXFileReference; fileEncoding = 4; lastKnownFileType = sourcecode.c.objc; path = RamblerDevice.m; sourceTree = "<group>"; };
		9FFF3D5E1B68C63A00BDD3F2 /* RamblerDeveloperAssemblyTests.m */ = {isa = PBXFileReference; fileEncoding = 4; lastKnownFileType = sourcecode.c.objc; path = RamblerDeveloperAssemblyTests.m; sourceTree = "<group>"; };
		B75A1A78426D01B0E564183E /* libPods-RamblerMcFlurry_Example.a */ = {isa = PBXFileReference; explicitFileType = archive.ar; includeInIndex = 0; path = "libPods-RamblerMcFlurry_Example.a"; sourceTree = BUILT_PRODUCTS_DIR; };
		BCD36FC03A45A87A4597C0C7 /* libPods.a */ = {isa = PBXFileReference; explicitFileType = archive.ar; includeInIndex = 0; path = libPods.a; sourceTree = BUILT_PRODUCTS_DIR; };
		BFAB36AAE88EAE4784F1616E /* README.md */ = {isa = PBXFileReference; includeInIndex = 1; lastKnownFileType = net.daringfireball.markdown; name = README.md; path = ../README.md; sourceTree = "<group>"; };
		E158751BA67C78C5D23E1E12 /* libPods-RamblerMcFlurry_Tests.a */ = {isa = PBXFileReference; explicitFileType = archive.ar; includeInIndex = 0; path = "libPods-RamblerMcFlurry_Tests.a"; sourceTree = BUILT_PRODUCTS_DIR; };
		F7BF77682AD97D2B0DE14324 /* Pods-RamblerMcFlurry_Tests.release.xcconfig */ = {isa = PBXFileReference; includeInIndex = 1; lastKnownFileType = text.xcconfig; name = "Pods-RamblerMcFlurry_Tests.release.xcconfig"; path = "Pods/Target Support Files/Pods-RamblerMcFlurry_Tests/Pods-RamblerMcFlurry_Tests.release.xcconfig"; sourceTree = "<group>"; };
/* End PBXFileReference section */

/* Begin PBXFrameworksBuildPhase section */
		6003F587195388D20070C39A /* Frameworks */ = {
			isa = PBXFrameworksBuildPhase;
			buildActionMask = 2147483647;
			files = (
				6003F590195388D20070C39A /* CoreGraphics.framework in Frameworks */,
				6003F592195388D20070C39A /* UIKit.framework in Frameworks */,
				6003F58E195388D20070C39A /* Foundation.framework in Frameworks */,
				26FE5D87E34D8CD460B5C22E /* libPods-RamblerMcFlurry_Example.a in Frameworks */,
			);
			runOnlyForDeploymentPostprocessing = 0;
		};
		6003F5AB195388D20070C39A /* Frameworks */ = {
			isa = PBXFrameworksBuildPhase;
			buildActionMask = 2147483647;
			files = (
				6003F5B2195388D20070C39A /* UIKit.framework in Frameworks */,
				6003F5B1195388D20070C39A /* Foundation.framework in Frameworks */,
				9E273F1976C734A3C33D8517 /* libPods-RamblerMcFlurry_Tests.a in Frameworks */,
			);
			runOnlyForDeploymentPostprocessing = 0;
		};
/* End PBXFrameworksBuildPhase section */

/* Begin PBXGroup section */
		162C73141B789B6800226B47 /* Viper */ = {
			isa = PBXGroup;
			children = (
				162C732A1B789D6F00226B47 /* ModuleBeta */,
				162C73151B789D3200226B47 /* ModuleAlpha */,
			);
			name = Viper;
			sourceTree = "<group>";
		};
		162C73151B789D3200226B47 /* ModuleAlpha */ = {
			isa = PBXGroup;
			children = (
				162C732B1B789D7900226B47 /* View */,
				162C732E1B789D8B00226B47 /* Interactor */,
				162C732D1B789D8400226B47 /* Presenter */,
				162C732C1B789D7E00226B47 /* Router */,
				162C731A1B789D6700226B47 /* RamblerModuleAlphaModuleAssembly.h */,
				162C731B1B789D6700226B47 /* RamblerModuleAlphaModuleAssembly.m */,
			);
			name = ModuleAlpha;
			sourceTree = "<group>";
		};
		162C732A1B789D6F00226B47 /* ModuleBeta */ = {
			isa = PBXGroup;
			children = (
				162C73451B78A46400226B47 /* View */,
				162C73471B78A47E00226B47 /* Interactor */,
				162C73461B78A47800226B47 /* Presenter */,
				162C73481B78A48400226B47 /* Router */,
				162C73351B78A45F00226B47 /* RamblerModuleBetaModuleAssembly.h */,
				162C73361B78A45F00226B47 /* RamblerModuleBetaModuleAssembly.m */,
			);
			name = ModuleBeta;
			sourceTree = "<group>";
		};
		162C732B1B789D7900226B47 /* View */ = {
			isa = PBXGroup;
			children = (
				162C73211B789D6700226B47 /* RamblerModuleAlphaViewController.h */,
				162C73221B789D6700226B47 /* RamblerModuleAlphaViewController.m */,
				162C73231B789D6700226B47 /* RamblerModuleAlphaViewInput.h */,
			);
			name = View;
			sourceTree = "<group>";
		};
		162C732C1B789D7E00226B47 /* Router */ = {
			isa = PBXGroup;
			children = (
				162C731E1B789D6700226B47 /* RamblerModuleAlphaRouter.h */,
				162C731F1B789D6700226B47 /* RamblerModuleAlphaRouter.m */,
				162C73201B789D6700226B47 /* RamblerModuleAlphaRouterInput.h */,
			);
			name = Router;
			sourceTree = "<group>";
		};
		162C732D1B789D8400226B47 /* Presenter */ = {
			isa = PBXGroup;
			children = (
				162C73191B789D6700226B47 /* RamblerModuleAlphaInteractorOutput.h */,
				162C73241B789D6700226B47 /* RamblerModuleAlphaViewOutput.h */,
				162C731C1B789D6700226B47 /* RamblerModuleAlphaPresenter.h */,
				162C731D1B789D6700226B47 /* RamblerModuleAlphaPresenter.m */,
			);
			name = Presenter;
			sourceTree = "<group>";
		};
		162C732E1B789D8B00226B47 /* Interactor */ = {
			isa = PBXGroup;
			children = (
				162C73161B789D6700226B47 /* RamblerModuleAlphaInteractor.h */,
				162C73171B789D6700226B47 /* RamblerModuleAlphaInteractor.m */,
				162C73181B789D6700226B47 /* RamblerModuleAlphaInteractorInput.h */,
			);
			name = Interactor;
			sourceTree = "<group>";
		};
		162C73451B78A46400226B47 /* View */ = {
			isa = PBXGroup;
			children = (
				162C733E1B78A45F00226B47 /* RamblerModuleBetaViewInput.h */,
				162C733C1B78A45F00226B47 /* RamblerModuleBetaViewController.h */,
				162C733D1B78A45F00226B47 /* RamblerModuleBetaViewController.m */,
			);
			name = View;
			sourceTree = "<group>";
		};
		162C73461B78A47800226B47 /* Presenter */ = {
			isa = PBXGroup;
			children = (
				162C73341B78A45F00226B47 /* RamblerModuleBetaInteractorOutput.h */,
				162C73371B78A45F00226B47 /* RamblerModuleBetaPresenter.h */,
				162C73381B78A45F00226B47 /* RamblerModuleBetaPresenter.m */,
				162C733F1B78A45F00226B47 /* RamblerModuleBetaViewOutput.h */,
				162C73491B78A4A500226B47 /* RamblerModuleBetaConfigurator.h */,
			);
			name = Presenter;
			sourceTree = "<group>";
		};
		162C73471B78A47E00226B47 /* Interactor */ = {
			isa = PBXGroup;
			children = (
				162C73311B78A45F00226B47 /* RamblerModuleBetaInteractor.h */,
				162C73321B78A45F00226B47 /* RamblerModuleBetaInteractor.m */,
				162C73331B78A45F00226B47 /* RamblerModuleBetaInteractorInput.h */,
			);
			name = Interactor;
			sourceTree = "<group>";
		};
		162C73481B78A48400226B47 /* Router */ = {
			isa = PBXGroup;
			children = (
				162C73391B78A45F00226B47 /* RamblerModuleBetaRouter.h */,
				162C733A1B78A45F00226B47 /* RamblerModuleBetaRouter.m */,
				162C733B1B78A45F00226B47 /* RamblerModuleBetaRouterInput.h */,
			);
			name = Router;
			sourceTree = "<group>";
		};
		4D62E5BDBFF12E6425C93A40 /* Pods */ = {
			isa = PBXGroup;
			children = (
				3E218B7F42124CFBDB835247 /* Pods-RamblerMcFlurry_Example.debug.xcconfig */,
				29CC82345586C4F662E7C65C /* Pods-RamblerMcFlurry_Example.release.xcconfig */,
				9DB79ED922F73E404786FD30 /* Pods-RamblerMcFlurry_Tests.debug.xcconfig */,
				F7BF77682AD97D2B0DE14324 /* Pods-RamblerMcFlurry_Tests.release.xcconfig */,
			);
			name = Pods;
			sourceTree = "<group>";
		};
		6003F581195388D10070C39A = {
			isa = PBXGroup;
			children = (
				60FF7A9C1954A5C5007DD14C /* Podspec Metadata */,
				6003F593195388D20070C39A /* Example for RamblerMcFlurry */,
				6003F5B5195388D20070C39A /* Tests */,
				6003F58C195388D20070C39A /* Frameworks */,
				6003F58B195388D20070C39A /* Products */,
				4D62E5BDBFF12E6425C93A40 /* Pods */,
			);
			sourceTree = "<group>";
		};
		6003F58B195388D20070C39A /* Products */ = {
			isa = PBXGroup;
			children = (
				6003F58A195388D20070C39A /* RamblerMcFlurry_Example.app */,
				6003F5AE195388D20070C39A /* RamblerMcFlurry_Tests.xctest */,
			);
			name = Products;
			sourceTree = "<group>";
		};
		6003F58C195388D20070C39A /* Frameworks */ = {
			isa = PBXGroup;
			children = (
				162C732F1B789EA100226B47 /* libPods-RamblerMcFlurry_Example.a */,
				6003F58D195388D20070C39A /* Foundation.framework */,
				6003F58F195388D20070C39A /* CoreGraphics.framework */,
				6003F591195388D20070C39A /* UIKit.framework */,
				B75A1A78426D01B0E564183E /* libPods-RamblerMcFlurry_Example.a */,
				E158751BA67C78C5D23E1E12 /* libPods-RamblerMcFlurry_Tests.a */,
				BCD36FC03A45A87A4597C0C7 /* libPods.a */,
			);
			name = Frameworks;
			sourceTree = "<group>";
		};
		6003F593195388D20070C39A /* Example for RamblerMcFlurry */ = {
			isa = PBXGroup;
			children = (
				162C73141B789B6800226B47 /* Viper */,
				9FFF3D531B68C4D100BDD3F2 /* Testing */,
				6003F59C195388D20070C39A /* RamblerAppDelegate.h */,
				6003F59D195388D20070C39A /* RamblerAppDelegate.m */,
				873B8AEA1B1F5CCA007FD442 /* Main.storyboard */,
				6003F5A5195388D20070C39A /* RamblerViewController.h */,
				6003F5A6195388D20070C39A /* RamblerViewController.m */,
				6003F5A8195388D20070C39A /* Images.xcassets */,
				6003F594195388D20070C39A /* Supporting Files */,
			);
			name = "Example for RamblerMcFlurry";
			path = RamblerMcFlurry;
			sourceTree = "<group>";
		};
		6003F594195388D20070C39A /* Supporting Files */ = {
			isa = PBXGroup;
			children = (
				6003F595195388D20070C39A /* RamblerMcFlurry-Info.plist */,
				6003F596195388D20070C39A /* InfoPlist.strings */,
				6003F599195388D20070C39A /* main.m */,
				6003F59B195388D20070C39A /* RamblerMcFlurry-Prefix.pch */,
			);
			name = "Supporting Files";
			sourceTree = "<group>";
		};
		6003F5B5195388D20070C39A /* Tests */ = {
			isa = PBXGroup;
			children = (
				6003F5B6195388D20070C39A /* Supporting Files */,
				9FFF3D5E1B68C63A00BDD3F2 /* RamblerDeveloperAssemblyTests.m */,
			);
			path = Tests;
			sourceTree = "<group>";
		};
		6003F5B6195388D20070C39A /* Supporting Files */ = {
			isa = PBXGroup;
			children = (
				6003F5B7195388D20070C39A /* Tests-Info.plist */,
				6003F5B8195388D20070C39A /* InfoPlist.strings */,
				606FC2411953D9B200FFA9A0 /* Tests-Prefix.pch */,
			);
			name = "Supporting Files";
			sourceTree = "<group>";
		};
		60FF7A9C1954A5C5007DD14C /* Podspec Metadata */ = {
			isa = PBXGroup;
			children = (
				96F30E1F9FBD8F1AF02466B7 /* RamblerMcFlurry.podspec */,
				BFAB36AAE88EAE4784F1616E /* README.md */,
				29585292F60D04C0C6BFE358 /* LICENSE */,
			);
			name = "Podspec Metadata";
			sourceTree = "<group>";
		};
		9FFF3D531B68C4D100BDD3F2 /* Testing */ = {
			isa = PBXGroup;
			children = (
				9FFF3D541B68C4D700BDD3F2 /* TyphoonAssemblyTests */,
			);
			name = Testing;
			sourceTree = "<group>";
		};
		9FFF3D541B68C4D700BDD3F2 /* TyphoonAssemblyTests */ = {
			isa = PBXGroup;
			children = (
				9FFF3D501B68C4B800BDD3F2 /* RamblerDeveloperAssembly.h */,
				9FFF3D511B68C4B800BDD3F2 /* RamblerDeveloperAssembly.m */,
				9FFF3D551B68C4F200BDD3F2 /* RamblerDeveloper.h */,
				9FFF3D561B68C4F200BDD3F2 /* RamblerDeveloper.m */,
				9FFF3D581B68C53400BDD3F2 /* RamblerDevice.h */,
				9FFF3D591B68C53400BDD3F2 /* RamblerDevice.m */,
			);
			name = TyphoonAssemblyTests;
			sourceTree = "<group>";
		};
/* End PBXGroup section */

/* Begin PBXNativeTarget section */
		6003F589195388D20070C39A /* RamblerMcFlurry_Example */ = {
			isa = PBXNativeTarget;
			buildConfigurationList = 6003F5BF195388D20070C39A /* Build configuration list for PBXNativeTarget "RamblerMcFlurry_Example" */;
			buildPhases = (
				AEB035DEF2B1E52B5823E72B /* Check Pods Manifest.lock */,
				6003F586195388D20070C39A /* Sources */,
				6003F587195388D20070C39A /* Frameworks */,
				6003F588195388D20070C39A /* Resources */,
				C6050BAFABC07C78254F390F /* Copy Pods Resources */,
			);
			buildRules = (
			);
			dependencies = (
			);
			name = RamblerMcFlurry_Example;
			productName = RamblerMcFlurry;
			productReference = 6003F58A195388D20070C39A /* RamblerMcFlurry_Example.app */;
			productType = "com.apple.product-type.application";
		};
		6003F5AD195388D20070C39A /* RamblerMcFlurry_Tests */ = {
			isa = PBXNativeTarget;
			buildConfigurationList = 6003F5C2195388D20070C39A /* Build configuration list for PBXNativeTarget "RamblerMcFlurry_Tests" */;
			buildPhases = (
				BFF50882DD753EC3B7C13E59 /* Check Pods Manifest.lock */,
				6003F5AA195388D20070C39A /* Sources */,
				6003F5AB195388D20070C39A /* Frameworks */,
				6003F5AC195388D20070C39A /* Resources */,
				5FB186E48B14A2189DA1EA83 /* Copy Pods Resources */,
			);
			buildRules = (
			);
			dependencies = (
				6003F5B4195388D20070C39A /* PBXTargetDependency */,
			);
			name = RamblerMcFlurry_Tests;
			productName = RamblerMcFlurryTests;
			productReference = 6003F5AE195388D20070C39A /* RamblerMcFlurry_Tests.xctest */;
			productType = "com.apple.product-type.bundle.unit-test";
		};
/* End PBXNativeTarget section */

/* Begin PBXProject section */
		6003F582195388D10070C39A /* Project object */ = {
			isa = PBXProject;
			attributes = {
				CLASSPREFIX = Rambler;
				LastUpgradeCheck = 0510;
				ORGANIZATIONNAME = "Egor Tolstoy";
				TargetAttributes = {
					6003F5AD195388D20070C39A = {
						TestTargetID = 6003F589195388D20070C39A;
					};
				};
			};
			buildConfigurationList = 6003F585195388D10070C39A /* Build configuration list for PBXProject "RamblerMcFlurry" */;
			compatibilityVersion = "Xcode 3.2";
			developmentRegion = English;
			hasScannedForEncodings = 0;
			knownRegions = (
				en,
				Base,
			);
			mainGroup = 6003F581195388D10070C39A;
			productRefGroup = 6003F58B195388D20070C39A /* Products */;
			projectDirPath = "";
			projectRoot = "";
			targets = (
				6003F589195388D20070C39A /* RamblerMcFlurry_Example */,
				6003F5AD195388D20070C39A /* RamblerMcFlurry_Tests */,
			);
		};
/* End PBXProject section */

/* Begin PBXResourcesBuildPhase section */
		6003F588195388D20070C39A /* Resources */ = {
			isa = PBXResourcesBuildPhase;
			buildActionMask = 2147483647;
			files = (
				873B8AEB1B1F5CCA007FD442 /* Main.storyboard in Resources */,
				6003F5A9195388D20070C39A /* Images.xcassets in Resources */,
				6003F598195388D20070C39A /* InfoPlist.strings in Resources */,
			);
			runOnlyForDeploymentPostprocessing = 0;
		};
		6003F5AC195388D20070C39A /* Resources */ = {
			isa = PBXResourcesBuildPhase;
			buildActionMask = 2147483647;
			files = (
				6003F5BA195388D20070C39A /* InfoPlist.strings in Resources */,
			);
			runOnlyForDeploymentPostprocessing = 0;
		};
/* End PBXResourcesBuildPhase section */

/* Begin PBXShellScriptBuildPhase section */
		5FB186E48B14A2189DA1EA83 /* Copy Pods Resources */ = {
			isa = PBXShellScriptBuildPhase;
			buildActionMask = 2147483647;
			files = (
			);
			inputPaths = (
			);
			name = "Copy Pods Resources";
			outputPaths = (
			);
			runOnlyForDeploymentPostprocessing = 0;
			shellPath = /bin/sh;
			shellScript = "\"${SRCROOT}/Pods/Target Support Files/Pods-RamblerMcFlurry_Tests/Pods-RamblerMcFlurry_Tests-resources.sh\"\n";
			showEnvVarsInLog = 0;
		};
		AEB035DEF2B1E52B5823E72B /* Check Pods Manifest.lock */ = {
			isa = PBXShellScriptBuildPhase;
			buildActionMask = 2147483647;
			files = (
			);
			inputPaths = (
			);
			name = "Check Pods Manifest.lock";
			outputPaths = (
			);
			runOnlyForDeploymentPostprocessing = 0;
			shellPath = /bin/sh;
			shellScript = "diff \"${PODS_ROOT}/../Podfile.lock\" \"${PODS_ROOT}/Manifest.lock\" > /dev/null\nif [[ $? != 0 ]] ; then\n    cat << EOM\nerror: The sandbox is not in sync with the Podfile.lock. Run 'pod install' or update your CocoaPods installation.\nEOM\n    exit 1\nfi\n";
			showEnvVarsInLog = 0;
		};
		BFF50882DD753EC3B7C13E59 /* Check Pods Manifest.lock */ = {
			isa = PBXShellScriptBuildPhase;
			buildActionMask = 2147483647;
			files = (
			);
			inputPaths = (
			);
			name = "Check Pods Manifest.lock";
			outputPaths = (
			);
			runOnlyForDeploymentPostprocessing = 0;
			shellPath = /bin/sh;
			shellScript = "diff \"${PODS_ROOT}/../Podfile.lock\" \"${PODS_ROOT}/Manifest.lock\" > /dev/null\nif [[ $? != 0 ]] ; then\n    cat << EOM\nerror: The sandbox is not in sync with the Podfile.lock. Run 'pod install' or update your CocoaPods installation.\nEOM\n    exit 1\nfi\n";
			showEnvVarsInLog = 0;
		};
		C6050BAFABC07C78254F390F /* Copy Pods Resources */ = {
			isa = PBXShellScriptBuildPhase;
			buildActionMask = 2147483647;
			files = (
			);
			inputPaths = (
			);
			name = "Copy Pods Resources";
			outputPaths = (
			);
			runOnlyForDeploymentPostprocessing = 0;
			shellPath = /bin/sh;
			shellScript = "\"${SRCROOT}/Pods/Target Support Files/Pods-RamblerMcFlurry_Example/Pods-RamblerMcFlurry_Example-resources.sh\"\n";
			showEnvVarsInLog = 0;
		};
/* End PBXShellScriptBuildPhase section */

/* Begin PBXSourcesBuildPhase section */
		6003F586195388D20070C39A /* Sources */ = {
			isa = PBXSourcesBuildPhase;
			buildActionMask = 2147483647;
			files = (
				162C73421B78A45F00226B47 /* RamblerModuleBetaPresenter.m in Sources */,
				162C73291B789D6700226B47 /* RamblerModuleAlphaViewController.m in Sources */,
				9FFF3D521B68C4B800BDD3F2 /* RamblerDeveloperAssembly.m in Sources */,
				162C73251B789D6700226B47 /* RamblerModuleAlphaInteractor.m in Sources */,
				162C73271B789D6700226B47 /* RamblerModuleAlphaPresenter.m in Sources */,
				162C73431B78A45F00226B47 /* RamblerModuleBetaRouter.m in Sources */,
				162C73441B78A45F00226B47 /* RamblerModuleBetaViewController.m in Sources */,
				6003F59E195388D20070C39A /* RamblerAppDelegate.m in Sources */,
				162C73411B78A45F00226B47 /* RamblerModuleBetaModuleAssembly.m in Sources */,
				6003F5A7195388D20070C39A /* RamblerViewController.m in Sources */,
				162C73401B78A45F00226B47 /* RamblerModuleBetaInteractor.m in Sources */,
				162C73281B789D6700226B47 /* RamblerModuleAlphaRouter.m in Sources */,
				162C73261B789D6700226B47 /* RamblerModuleAlphaModuleAssembly.m in Sources */,
				9FFF3D5A1B68C53400BDD3F2 /* RamblerDevice.m in Sources */,
				9FFF3D571B68C4F200BDD3F2 /* RamblerDeveloper.m in Sources */,
				6003F59A195388D20070C39A /* main.m in Sources */,
			);
			runOnlyForDeploymentPostprocessing = 0;
		};
		6003F5AA195388D20070C39A /* Sources */ = {
			isa = PBXSourcesBuildPhase;
			buildActionMask = 2147483647;
			files = (
				9FFF3D5F1B68C63A00BDD3F2 /* RamblerDeveloperAssemblyTests.m in Sources */,
			);
			runOnlyForDeploymentPostprocessing = 0;
		};
/* End PBXSourcesBuildPhase section */

/* Begin PBXTargetDependency section */
		6003F5B4195388D20070C39A /* PBXTargetDependency */ = {
			isa = PBXTargetDependency;
			target = 6003F589195388D20070C39A /* RamblerMcFlurry_Example */;
			targetProxy = 6003F5B3195388D20070C39A /* PBXContainerItemProxy */;
		};
/* End PBXTargetDependency section */

/* Begin PBXVariantGroup section */
		6003F596195388D20070C39A /* InfoPlist.strings */ = {
			isa = PBXVariantGroup;
			children = (
				6003F597195388D20070C39A /* en */,
			);
			name = InfoPlist.strings;
			sourceTree = "<group>";
		};
		6003F5B8195388D20070C39A /* InfoPlist.strings */ = {
			isa = PBXVariantGroup;
			children = (
				6003F5B9195388D20070C39A /* en */,
			);
			name = InfoPlist.strings;
			sourceTree = "<group>";
		};
/* End PBXVariantGroup section */

/* Begin XCBuildConfiguration section */
		6003F5BD195388D20070C39A /* Debug */ = {
			isa = XCBuildConfiguration;
			buildSettings = {
				ALWAYS_SEARCH_USER_PATHS = NO;
				CLANG_CXX_LANGUAGE_STANDARD = "gnu++0x";
				CLANG_CXX_LIBRARY = "libc++";
				CLANG_ENABLE_MODULES = YES;
				CLANG_ENABLE_OBJC_ARC = YES;
				CLANG_WARN_BOOL_CONVERSION = YES;
				CLANG_WARN_CONSTANT_CONVERSION = YES;
				CLANG_WARN_DIRECT_OBJC_ISA_USAGE = YES_ERROR;
				CLANG_WARN_EMPTY_BODY = YES;
				CLANG_WARN_ENUM_CONVERSION = YES;
				CLANG_WARN_INT_CONVERSION = YES;
				CLANG_WARN_OBJC_ROOT_CLASS = YES_ERROR;
				CLANG_WARN__DUPLICATE_METHOD_MATCH = YES;
				"CODE_SIGN_IDENTITY[sdk=iphoneos*]" = "iPhone Developer";
				COPY_PHASE_STRIP = NO;
				GCC_C_LANGUAGE_STANDARD = gnu99;
				GCC_DYNAMIC_NO_PIC = NO;
				GCC_OPTIMIZATION_LEVEL = 0;
				GCC_PREPROCESSOR_DEFINITIONS = (
					"DEBUG=1",
					"$(inherited)",
				);
				GCC_SYMBOLS_PRIVATE_EXTERN = NO;
				GCC_WARN_64_TO_32_BIT_CONVERSION = YES;
				GCC_WARN_ABOUT_RETURN_TYPE = YES_ERROR;
				GCC_WARN_UNDECLARED_SELECTOR = YES;
				GCC_WARN_UNINITIALIZED_AUTOS = YES_AGGRESSIVE;
				GCC_WARN_UNUSED_FUNCTION = YES;
				GCC_WARN_UNUSED_VARIABLE = YES;
				IPHONEOS_DEPLOYMENT_TARGET = 7.1;
				ONLY_ACTIVE_ARCH = YES;
				SDKROOT = iphoneos;
				TARGETED_DEVICE_FAMILY = "1,2";
			};
			name = Debug;
		};
		6003F5BE195388D20070C39A /* Release */ = {
			isa = XCBuildConfiguration;
			buildSettings = {
				ALWAYS_SEARCH_USER_PATHS = NO;
				CLANG_CXX_LANGUAGE_STANDARD = "gnu++0x";
				CLANG_CXX_LIBRARY = "libc++";
				CLANG_ENABLE_MODULES = YES;
				CLANG_ENABLE_OBJC_ARC = YES;
				CLANG_WARN_BOOL_CONVERSION = YES;
				CLANG_WARN_CONSTANT_CONVERSION = YES;
				CLANG_WARN_DIRECT_OBJC_ISA_USAGE = YES_ERROR;
				CLANG_WARN_EMPTY_BODY = YES;
				CLANG_WARN_ENUM_CONVERSION = YES;
				CLANG_WARN_INT_CONVERSION = YES;
				CLANG_WARN_OBJC_ROOT_CLASS = YES_ERROR;
				CLANG_WARN__DUPLICATE_METHOD_MATCH = YES;
				"CODE_SIGN_IDENTITY[sdk=iphoneos*]" = "iPhone Developer";
				COPY_PHASE_STRIP = YES;
				ENABLE_NS_ASSERTIONS = NO;
				GCC_C_LANGUAGE_STANDARD = gnu99;
				GCC_WARN_64_TO_32_BIT_CONVERSION = YES;
				GCC_WARN_ABOUT_RETURN_TYPE = YES_ERROR;
				GCC_WARN_UNDECLARED_SELECTOR = YES;
				GCC_WARN_UNINITIALIZED_AUTOS = YES_AGGRESSIVE;
				GCC_WARN_UNUSED_FUNCTION = YES;
				GCC_WARN_UNUSED_VARIABLE = YES;
				IPHONEOS_DEPLOYMENT_TARGET = 7.1;
				SDKROOT = iphoneos;
				TARGETED_DEVICE_FAMILY = "1,2";
				VALIDATE_PRODUCT = YES;
			};
			name = Release;
		};
		6003F5C0195388D20070C39A /* Debug */ = {
			isa = XCBuildConfiguration;
			baseConfigurationReference = 3E218B7F42124CFBDB835247 /* Pods-RamblerMcFlurry_Example.debug.xcconfig */;
			buildSettings = {
				ASSETCATALOG_COMPILER_APPICON_NAME = AppIcon;
				ASSETCATALOG_COMPILER_LAUNCHIMAGE_NAME = LaunchImage;
				FRAMEWORK_SEARCH_PATHS = "$(inherited)";
				GCC_PRECOMPILE_PREFIX_HEADER = YES;
				GCC_PREFIX_HEADER = "RamblerMcFlurry/RamblerMcFlurry-Prefix.pch";
				INFOPLIST_FILE = "RamblerMcFlurry/RamblerMcFlurry-Info.plist";
				LIBRARY_SEARCH_PATHS = "$(inherited)";
				MODULE_NAME = ExampleApp;
				OTHER_LDFLAGS = (
					"-ObjC",
					"-l\"Pods-RamblerMcFlurry_Example-RamblerMcFlurry\"",
					"-l\"Typhoon\"",
				);
				PRODUCT_NAME = "$(TARGET_NAME)";
				WRAPPER_EXTENSION = app;
			};
			name = Debug;
		};
		6003F5C1195388D20070C39A /* Release */ = {
			isa = XCBuildConfiguration;
			baseConfigurationReference = 29CC82345586C4F662E7C65C /* Pods-RamblerMcFlurry_Example.release.xcconfig */;
			buildSettings = {
				ASSETCATALOG_COMPILER_APPICON_NAME = AppIcon;
				ASSETCATALOG_COMPILER_LAUNCHIMAGE_NAME = LaunchImage;
				FRAMEWORK_SEARCH_PATHS = "$(inherited)";
				GCC_PRECOMPILE_PREFIX_HEADER = YES;
				GCC_PREFIX_HEADER = "RamblerMcFlurry/RamblerMcFlurry-Prefix.pch";
				INFOPLIST_FILE = "RamblerMcFlurry/RamblerMcFlurry-Info.plist";
				LIBRARY_SEARCH_PATHS = "$(inherited)";
				MODULE_NAME = ExampleApp;
				OTHER_LDFLAGS = (
					"-ObjC",
					"-l\"Pods-RamblerMcFlurry_Example-RamblerMcFlurry\"",
					"-l\"Typhoon\"",
				);
				PRODUCT_NAME = "$(TARGET_NAME)";
				WRAPPER_EXTENSION = app;
			};
			name = Release;
		};
		6003F5C3195388D20070C39A /* Debug */ = {
			isa = XCBuildConfiguration;
			baseConfigurationReference = 9DB79ED922F73E404786FD30 /* Pods-RamblerMcFlurry_Tests.debug.xcconfig */;
			buildSettings = {
				BUNDLE_LOADER = "$(TEST_HOST)";
				FRAMEWORK_SEARCH_PATHS = (
					"$(SDKROOT)/Developer/Library/Frameworks",
					"$(inherited)",
					"$(DEVELOPER_FRAMEWORKS_DIR)",
				);
				GCC_PRECOMPILE_PREFIX_HEADER = YES;
				GCC_PREFIX_HEADER = "Tests/Tests-Prefix.pch";
				GCC_PREPROCESSOR_DEFINITIONS = (
					"DEBUG=1",
					"$(inherited)",
				);
				INFOPLIST_FILE = "Tests/Tests-Info.plist";
				PRODUCT_NAME = "$(TARGET_NAME)";
				TEST_HOST = "$(BUILT_PRODUCTS_DIR)/RamblerMcFlurry_Example.app/RamblerMcFlurry_Example";
				WRAPPER_EXTENSION = xctest;
			};
			name = Debug;
		};
		6003F5C4195388D20070C39A /* Release */ = {
			isa = XCBuildConfiguration;
			baseConfigurationReference = F7BF77682AD97D2B0DE14324 /* Pods-RamblerMcFlurry_Tests.release.xcconfig */;
			buildSettings = {
				BUNDLE_LOADER = "$(TEST_HOST)";
				FRAMEWORK_SEARCH_PATHS = (
					"$(SDKROOT)/Developer/Library/Frameworks",
					"$(inherited)",
					"$(DEVELOPER_FRAMEWORKS_DIR)",
				);
				GCC_PRECOMPILE_PREFIX_HEADER = YES;
				GCC_PREFIX_HEADER = "Tests/Tests-Prefix.pch";
				INFOPLIST_FILE = "Tests/Tests-Info.plist";
				PRODUCT_NAME = "$(TARGET_NAME)";
				TEST_HOST = "$(BUILT_PRODUCTS_DIR)/RamblerMcFlurry_Example.app/RamblerMcFlurry_Example";
				WRAPPER_EXTENSION = xctest;
			};
			name = Release;
		};
/* End XCBuildConfiguration section */

/* Begin XCConfigurationList section */
		6003F585195388D10070C39A /* Build configuration list for PBXProject "RamblerMcFlurry" */ = {
			isa = XCConfigurationList;
			buildConfigurations = (
				6003F5BD195388D20070C39A /* Debug */,
				6003F5BE195388D20070C39A /* Release */,
			);
			defaultConfigurationIsVisible = 0;
			defaultConfigurationName = Release;
		};
		6003F5BF195388D20070C39A /* Build configuration list for PBXNativeTarget "RamblerMcFlurry_Example" */ = {
			isa = XCConfigurationList;
			buildConfigurations = (
				6003F5C0195388D20070C39A /* Debug */,
				6003F5C1195388D20070C39A /* Release */,
			);
			defaultConfigurationIsVisible = 0;
			defaultConfigurationName = Release;
		};
		6003F5C2195388D20070C39A /* Build configuration list for PBXNativeTarget "RamblerMcFlurry_Tests" */ = {
			isa = XCConfigurationList;
			buildConfigurations = (
				6003F5C3195388D20070C39A /* Debug */,
				6003F5C4195388D20070C39A /* Release */,
			);
			defaultConfigurationIsVisible = 0;
			defaultConfigurationName = Release;
		};
/* End XCConfigurationList section */
	};
	rootObject = 6003F582195388D10070C39A /* Project object */;
}
